
Microsoft Visual Studio Solution File, Format Version 12.00
# Visual Studio 15
VisualStudioVersion = 15.0.28307.168
MinimumVisualStudioVersion = 10.0.40219.1
Project("{FAE04EC0-301F-11D3-BF4B-00C04F79EFBC}") = "MyOwnAmazon", "MyOwnAmazon\MyOwnAmazon.csproj", "{30174CA3-9556-4575-B399-F19D8D0850A2}"
EndProject
Project("{2150E333-8FDC-42A3-9474-1A3956D46DE8}") = "01 - FrontEnd ReactAndRedux", "01 - FrontEnd ReactAndRedux", "{FDF5EED5-637A-473F-877F-AF4054A72DEC}"
EndProject
Project("{2150E333-8FDC-42A3-9474-1A3956D46DE8}") = "02 - BackEnd Net Core", "02 - BackEnd Net Core", "{F60CD8C5-25C6-4834-84CD-D59CB3C8A642}"
EndProject
Project("{2150E333-8FDC-42A3-9474-1A3956D46DE8}") = "01 - Capa Servicios WebApi", "01 - Capa Servicios WebApi", "{8471D63F-7B62-4F75-B72C-6C1256F4D7C0}"
EndProject
Project("{FAE04EC0-301F-11D3-BF4B-00C04F79EFBC}") = "MyOwnAmazonWebApi", "MyOwnAmazonWebApi\MyOwnAmazonWebApi.csproj", "{80F931EE-9A72-43CA-B621-A859797BE856}"
EndProject
Project("{2150E333-8FDC-42A3-9474-1A3956D46DE8}") = "02 - Capa de Negocio BLL", "02 - Capa de Negocio BLL", "{95EB01ED-F97B-48CE-996D-41EB252C9BEA}"
EndProject
Project("{2150E333-8FDC-42A3-9474-1A3956D46DE8}") = "03 - Capa de Logica DAL", "03 - Capa de Logica DAL", "{678411F0-C16E-463E-A7B7-2B59F416002A}"
EndProject
Project("{FAE04EC0-301F-11D3-BF4B-00C04F79EFBC}") = "BLL", "BLL\BLL.csproj", "{903B9194-ACD7-4C83-B97F-C6476B84E625}"
EndProject
Project("{FAE04EC0-301F-11D3-BF4B-00C04F79EFBC}") = "DAL", "DAL\DAL.csproj", "{C75BE0BD-C7E3-491C-ACF2-4C3012C01EBD}"
EndProject
Project("{2150E333-8FDC-42A3-9474-1A3956D46DE8}") = "03 - EntityFrameworkCore", "03 - EntityFrameworkCore", "{54788BD7-A13E-4DB6-9E26-4D0BE624B98F}"
EndProject
Project("{FAE04EC0-301F-11D3-BF4B-00C04F79EFBC}") = "EntityFrameworkDBModel", "EntityFrameworkDBModel\EntityFrameworkDBModel.csproj", "{E91B4766-F57B-4162-ACEA-54614900CE6D}"
EndProject
Project("{2150E333-8FDC-42A3-9474-1A3956D46DE8}") = "04 - EntitiesModels", "04 - EntitiesModels", "{CECC4E12-8D4A-4DE4-B666-A8B09052A247}"
EndProject
Project("{2150E333-8FDC-42A3-9474-1A3956D46DE8}") = "05 - Herramientas", "05 - Herramientas", "{14A178D3-C6ED-448D-80B5-D66F8E07A38E}"
EndProject
Project("{9A19103F-16F7-4668-BE54-9A1E7A4F7556}") = "EntitiesModelsMyOwnAmazon", "EntitiesModelsMyOwnAmazon\EntitiesModelsMyOwnAmazon.csproj", "{F3A2D9C0-4061-4E3B-8263-064E8D83B734}"
EndProject
Project("{FAE04EC0-301F-11D3-BF4B-00C04F79EFBC}") = "HerramientasMyOwnAmazon", "HerramientasMyOwnAmazon\HerramientasMyOwnAmazon.csproj", "{0473EAFF-9D6B-46ED-8DF4-C9D1AE569647}"
EndProject
Global
	GlobalSection(SolutionConfigurationPlatforms) = preSolution
		Debug|Any CPU = Debug|Any CPU
		Release|Any CPU = Release|Any CPU
	EndGlobalSection
	GlobalSection(ProjectConfigurationPlatforms) = postSolution
		{30174CA3-9556-4575-B399-F19D8D0850A2}.Debug|Any CPU.ActiveCfg = Debug|Any CPU
		{30174CA3-9556-4575-B399-F19D8D0850A2}.Debug|Any CPU.Build.0 = Debug|Any CPU
		{30174CA3-9556-4575-B399-F19D8D0850A2}.Release|Any CPU.ActiveCfg = Release|Any CPU
		{30174CA3-9556-4575-B399-F19D8D0850A2}.Release|Any CPU.Build.0 = Release|Any CPU
		{80F931EE-9A72-43CA-B621-A859797BE856}.Debug|Any CPU.ActiveCfg = Debug|Any CPU
		{80F931EE-9A72-43CA-B621-A859797BE856}.Debug|Any CPU.Build.0 = Debug|Any CPU
		{80F931EE-9A72-43CA-B621-A859797BE856}.Release|Any CPU.ActiveCfg = Release|Any CPU
		{80F931EE-9A72-43CA-B621-A859797BE856}.Release|Any CPU.Build.0 = Release|Any CPU
		{903B9194-ACD7-4C83-B97F-C6476B84E625}.Debug|Any CPU.ActiveCfg = Debug|Any CPU
		{903B9194-ACD7-4C83-B97F-C6476B84E625}.Debug|Any CPU.Build.0 = Debug|Any CPU
		{903B9194-ACD7-4C83-B97F-C6476B84E625}.Release|Any CPU.ActiveCfg = Release|Any CPU
		{903B9194-ACD7-4C83-B97F-C6476B84E625}.Release|Any CPU.Build.0 = Release|Any CPU
		{C75BE0BD-C7E3-491C-ACF2-4C3012C01EBD}.Debug|Any CPU.ActiveCfg = Debug|Any CPU
		{C75BE0BD-C7E3-491C-ACF2-4C3012C01EBD}.Debug|Any CPU.Build.0 = Debug|Any CPU
		{C75BE0BD-C7E3-491C-ACF2-4C3012C01EBD}.Release|Any CPU.ActiveCfg = Release|Any CPU
		{C75BE0BD-C7E3-491C-ACF2-4C3012C01EBD}.Release|Any CPU.Build.0 = Release|Any CPU
		{E91B4766-F57B-4162-ACEA-54614900CE6D}.Debug|Any CPU.ActiveCfg = Debug|Any CPU
		{E91B4766-F57B-4162-ACEA-54614900CE6D}.Debug|Any CPU.Build.0 = Debug|Any CPU
		{E91B4766-F57B-4162-ACEA-54614900CE6D}.Release|Any CPU.ActiveCfg = Release|Any CPU
		{E91B4766-F57B-4162-ACEA-54614900CE6D}.Release|Any CPU.Build.0 = Release|Any CPU
		{F3A2D9C0-4061-4E3B-8263-064E8D83B734}.Debug|Any CPU.ActiveCfg = Debug|Any CPU
		{F3A2D9C0-4061-4E3B-8263-064E8D83B734}.Debug|Any CPU.Build.0 = Debug|Any CPU
		{F3A2D9C0-4061-4E3B-8263-064E8D83B734}.Release|Any CPU.ActiveCfg = Release|Any CPU
		{F3A2D9C0-4061-4E3B-8263-064E8D83B734}.Release|Any CPU.Build.0 = Release|Any CPU
		{0473EAFF-9D6B-46ED-8DF4-C9D1AE569647}.Debug|Any CPU.ActiveCfg = Debug|Any CPU
		{0473EAFF-9D6B-46ED-8DF4-C9D1AE569647}.Debug|Any CPU.Build.0 = Debug|Any CPU
		{0473EAFF-9D6B-46ED-8DF4-C9D1AE569647}.Release|Any CPU.ActiveCfg = Release|Any CPU
		{0473EAFF-9D6B-46ED-8DF4-C9D1AE569647}.Release|Any CPU.Build.0 = Release|Any CPU
	EndGlobalSection
	GlobalSection(SolutionProperties) = preSolution
		HideSolutionNode = FALSE
	EndGlobalSection
	GlobalSection(NestedProjects) = preSolution
		{30174CA3-9556-4575-B399-F19D8D0850A2} = {FDF5EED5-637A-473F-877F-AF4054A72DEC}
		{8471D63F-7B62-4F75-B72C-6C1256F4D7C0} = {F60CD8C5-25C6-4834-84CD-D59CB3C8A642}
		{80F931EE-9A72-43CA-B621-A859797BE856} = {8471D63F-7B62-4F75-B72C-6C1256F4D7C0}
		{95EB01ED-F97B-48CE-996D-41EB252C9BEA} = {F60CD8C5-25C6-4834-84CD-D59CB3C8A642}
		{678411F0-C16E-463E-A7B7-2B59F416002A} = {F60CD8C5-25C6-4834-84CD-D59CB3C8A642}
		{903B9194-ACD7-4C83-B97F-C6476B84E625} = {95EB01ED-F97B-48CE-996D-41EB252C9BEA}
		{C75BE0BD-C7E3-491C-ACF2-4C3012C01EBD} = {678411F0-C16E-463E-A7B7-2B59F416002A}
		{E91B4766-F57B-4162-ACEA-54614900CE6D} = {54788BD7-A13E-4DB6-9E26-4D0BE624B98F}
		{F3A2D9C0-4061-4E3B-8263-064E8D83B734} = {CECC4E12-8D4A-4DE4-B666-A8B09052A247}
		{0473EAFF-9D6B-46ED-8DF4-C9D1AE569647} = {14A178D3-C6ED-448D-80B5-D66F8E07A38E}
	EndGlobalSection
	GlobalSection(ExtensibilityGlobals) = postSolution
		SolutionGuid = {8069F1D2-AFB3-4DCE-8691-19D81BB3ACAE}
	EndGlobalSection
EndGlobal
